dependencies:
  espressif/iperf:
    component_hash: f4c2beaae50478a626995130d2611c628b7a568cd0799022758c05658928410c
    dependencies:
    - name: idf
      require: private
      version: '>=4.3'
    source:
      registry_url: https://components.espressif.com/
      type: service
    version: 0.1.4
  example_init:
    dependencies: []
    source:
      path: C:\Users\VARUN\esp\v5.5.1\esp-idf\examples\bluetooth\esp_ble_mesh\common_components\example_init
      type: local
    version: '*'
  fast_prov:
    dependencies: []
    source:
      path: C:\Users\VARUN\esp\v5.5.1\esp-idf\examples\bluetooth\esp_ble_mesh\common_components\fast_prov
      type: local
    version: '*'
  idf:
    source:
      type: idf
    version: 5.5.1
direct_dependencies:
- espressif/iperf
- example_init
- fast_prov
manifest_hash: 0d270546a7521a62aa4969183775c0db276178a71a9fadb47a706deac39e76d6
target: esp32
version: 2.0.0
